
Microsoft Visual Studio Solution File, Format Version 12.00
Project("{FAE04EC0-301F-11D3-BF4B-00C04F79EFBC}") = "HomeInventory", "HomeInventory\HomeInventory.csproj", "{70AF2F21-D060-46DA-A2C0-EE567016A7E7}"
EndProject
Global
	GlobalSection(SolutionConfigurationPlatforms) = preSolution
		Debug|Any CPU = Debug|Any CPU
		Release|Any CPU = Release|Any CPU
	EndGlobalSection
	GlobalSection(ProjectConfigurationPlatforms) = postSolution
		{70AF2F21-D060-46DA-A2C0-EE567016A7E7}.Debug|Any CPU.ActiveCfg = Debug|Any CPU
		{70AF2F21-D060-46DA-A2C0-EE567016A7E7}.Debug|Any CPU.Build.0 = Debug|Any CPU
		{70AF2F21-D060-46DA-A2C0-EE567016A7E7}.Release|Any CPU.ActiveCfg = Release|Any CPU
		{70AF2F21-D060-46DA-A2C0-EE567016A7E7}.Release|Any CPU.Build.0 = Release|Any CPU
	EndGlobalSection
EndGlobal
